{
  "nodes": {
    "minimalbase": {
      "inputs": {
        "nixpkgs": "nixpkgs"
      },
      "locked": {
        "lastModified": 1782697529,
        "narHash": "sha256-QG21ffdKxSoJ6tz3a/e+rnfaUbykQiFLqRlAUEOSMSA=",
        "owner": "nonrootdocker",
        "repo": "minimalbase",
        "rev": "270721c8e7ca5a4cea3d13be4037140d7806a5b0",
        "type": "github"
      },
      "original": {
        "owner": "nonrootdocker",
        "repo": "minimalbase",
        "type": "github"
      }
    },
    "nixpkgs": {
      "locked": {
        "lastModified": 1782696081,
        "narHash": "sha256-hnvtmFEwxEV8wehWmmwtXNMoMo+2eEaoNw8iF0nInO8=",
        "owner": "NixOS",
        "repo": "nixpkgs",
        "rev": "d6d02feee3f04b50845bc743b58d3b88cd173e5f",
        "type": "github"
      },
      "original": {
        "owner": "NixOS",
        "repo": "nixpkgs",
        "type": "github"
      }
    },
    "nixpkgs_2": {
      "locked": {
        "lastModified": 1782723713,
        "narHash": "sha256-oPXCU/SSUokcGaJREHibG1CBX3+s/W7orDWQOZDsEeQ=",
        "owner": "NixOS",
        "repo": "nixpkgs",
        "rev": "b5aa0fbd538984f6e3d201be0005b4463d8b09f8",
        "type": "github"
      },
      "original": {
        "owner": "NixOS",
        "ref": "nixos-unstable",
        "repo": "nixpkgs",
        "type": "github"
      }
    },
    "root": {
      "inputs": {
        "minimalbase": "minimalbase",
        "nixpkgs": "nixpkgs_2"
      }
    }
  },
  "root": "root",
  "version": 7
}
